
Microsoft Visual Studio Solution File, Format Version 12.00
# Visual Studio Version 16
VisualStudioVersion = 16.0.29728.190
MinimumVisualStudioVersion = 10.0.40219.1
Project("{FAE04EC0-301F-11D3-BF4B-00C04F79EFBC}") = "UnitTestingExamples", "UnitTestingExamples\UnitTestingExamples.csproj", "{F8FD8C9C-662E-4E27-AF7A-17DDF15FCA1C}"
EndProject
Global
	GlobalSection(SolutionConfigurationPlatforms) = preSolution
		Debug|Any CPU = Debug|Any CPU
		Release|Any CPU = Release|Any CPU
	EndGlobalSection
	GlobalSection(ProjectConfigurationPlatforms) = postSolution
		{F8FD8C9C-662E-4E27-AF7A-17DDF15FCA1C}.Debug|Any CPU.ActiveCfg = Debug|Any CPU
		{F8FD8C9C-662E-4E27-AF7A-17DDF15FCA1C}.Debug|Any CPU.Build.0 = Debug|Any CPU
		{F8FD8C9C-662E-4E27-AF7A-17DDF15FCA1C}.Release|Any CPU.ActiveCfg = Release|Any CPU
		{F8FD8C9C-662E-4E27-AF7A-17DDF15FCA1C}.Release|Any CPU.Build.0 = Release|Any CPU
	EndGlobalSection
	GlobalSection(SolutionProperties) = preSolution
		HideSolutionNode = FALSE
	EndGlobalSection
	GlobalSection(ExtensibilityGlobals) = postSolution
		SolutionGuid = {BFEE3FD8-9699-4738-8ADB-BD1873EEB079}
	EndGlobalSection
EndGlobal
